
Microsoft Visual Studio Solution File, Format Version 12.00
# Visual Studio 15
VisualStudioVersion = 15.0.28307.960
MinimumVisualStudioVersion = 10.0.40219.1
Project("{FAE04EC0-301F-11D3-BF4B-00C04F79EFBC}") = "JordanvisaForm", "MultipleFileUpload\JordanvisaForm.csproj", "{8A722A58-4212-43BF-81D4-A43796F35180}"
EndProject
Global
	GlobalSection(SolutionConfigurationPlatforms) = preSolution
		Debug|Any CPU = Debug|Any CPU
		Release|Any CPU = Release|Any CPU
	EndGlobalSection
	GlobalSection(ProjectConfigurationPlatforms) = postSolution
		{8A722A58-4212-43BF-81D4-A43796F35180}.Debug|Any CPU.ActiveCfg = Debug|Any CPU
		{8A722A58-4212-43BF-81D4-A43796F35180}.Debug|Any CPU.Build.0 = Debug|Any CPU
		{8A722A58-4212-43BF-81D4-A43796F35180}.Release|Any CPU.ActiveCfg = Release|Any CPU
		{8A722A58-4212-43BF-81D4-A43796F35180}.Release|Any CPU.Build.0 = Release|Any CPU
	EndGlobalSection
	GlobalSection(SolutionProperties) = preSolution
		HideSolutionNode = FALSE
	EndGlobalSection
	GlobalSection(ExtensibilityGlobals) = postSolution
		SolutionGuid = {E0585A37-4DFA-4D38-BB6D-8F05B55B796F}
	EndGlobalSection
EndGlobal
